
Microsoft Visual Studio Solution File, Format Version 12.00
# Visual Studio Version 16
VisualStudioVersion = 16.0.30503.244
MinimumVisualStudioVersion = 10.0.40219.1
Project("{FAE04EC0-301F-11D3-BF4B-00C04F79EFBC}") = "Ejercicioo2", "Ejercicioo2\Ejercicioo2.csproj", "{5A935F9A-1938-4107-A97F-4381EEBA53C2}"
EndProject
Global
	GlobalSection(SolutionConfigurationPlatforms) = preSolution
		Debug|Any CPU = Debug|Any CPU
		Release|Any CPU = Release|Any CPU
	EndGlobalSection
	GlobalSection(ProjectConfigurationPlatforms) = postSolution
		{5A935F9A-1938-4107-A97F-4381EEBA53C2}.Debug|Any CPU.ActiveCfg = Debug|Any CPU
		{5A935F9A-1938-4107-A97F-4381EEBA53C2}.Debug|Any CPU.Build.0 = Debug|Any CPU
		{5A935F9A-1938-4107-A97F-4381EEBA53C2}.Release|Any CPU.ActiveCfg = Release|Any CPU
		{5A935F9A-1938-4107-A97F-4381EEBA53C2}.Release|Any CPU.Build.0 = Release|Any CPU
	EndGlobalSection
	GlobalSection(SolutionProperties) = preSolution
		HideSolutionNode = FALSE
	EndGlobalSection
	GlobalSection(ExtensibilityGlobals) = postSolution
		SolutionGuid = {B3F35BB8-3D1C-4EFF-B7D1-14615866B862}
	EndGlobalSection
EndGlobal
